{
  "lockfileVersion": 1,
  "workspaces": {
    "": {
      "name": "@bun-hmr-issue/source",
      "devDependencies": {
        "@eslint/js": "^9.30.1",
        "@types/bun": "latest",
        "@types/react": "catalog:react",
        "@types/react-dom": "catalog:react",
        "typescript": "^5.8.3",
      },
    },
    "apps/app": {
      "name": "@bun-hmr-issue/app",
      "version": "0.0.1",
      "dependencies": {
        "@bun-hmr-issue/form": "workspace:*",
        "react": "catalog:react",
        "react-dom": "catalog:react",
      },
      "devDependencies": {
        "@types/react": "catalog:react",
        "@types/react-dom": "catalog:react",
      },
    },
    "packages/form": {
      "name": "@bun-hmr-issue/form",
      "peerDependencies": {
        "react": "catalog:react",
        "typescript": "^5",
      },
    },
  },
  "catalogs": {
    "react": {
      "@types/react": "^19.1.8",
      "@types/react-dom": "^19.1.6",
      "react": "19.1.0",
      "react-dom": "19.1.0",
    },
  },
  "packages": {
    "@bun-hmr-issue/app": ["@bun-hmr-issue/app@workspace:apps/app"],

    "@bun-hmr-issue/form": ["@bun-hmr-issue/form@workspace:packages/form"],

    "@eslint/js": ["@eslint/js@9.30.1", "", {}, "sha512-zXhuECFlyep42KZUhWjfvsmXGX39W8K8LFb8AWXM9gSV9dQB+MrJGLKvW6Zw0Ggnbpw0VHTtrhFXYe3Gym18jg=="],

    "@types/bun": ["@types/bun@1.2.17", "", { "dependencies": { "bun-types": "1.2.17" } }, "sha512-l/BYs/JYt+cXA/0+wUhulYJB6a6p//GTPiJ7nV+QHa8iiId4HZmnu/3J/SowP5g0rTiERY2kfGKXEK5Ehltx4Q=="],

    "@types/node": ["@types/node@24.0.10", "", { "dependencies": { "undici-types": "~7.8.0" } }, "sha512-ENHwaH+JIRTDIEEbDK6QSQntAYGtbvdDXnMXnZaZ6k13Du1dPMmprkEHIL7ok2Wl2aZevetwTAb5S+7yIF+enA=="],

    "@types/react": ["@types/react@19.1.8", "", { "dependencies": { "csstype": "^3.0.2" } }, "sha512-AwAfQ2Wa5bCx9WP8nZL2uMZWod7J7/JSplxbTmBQ5ms6QpqNYm672H0Vu9ZVKVngQ+ii4R/byguVEUZQyeg44g=="],

    "@types/react-dom": ["@types/react-dom@19.1.6", "", { "peerDependencies": { "@types/react": "^19.0.0" } }, "sha512-4hOiT/dwO8Ko0gV1m/TJZYk3y0KBnY9vzDh7W+DH17b2HFSOGgdj33dhihPeuy3l0q23+4e+hoXHV6hCC4dCXw=="],

    "bun-types": ["bun-types@1.2.17", "", { "dependencies": { "@types/node": "*" } }, "sha512-ElC7ItwT3SCQwYZDYoAH+q6KT4Fxjl8DtZ6qDulUFBmXA8YB4xo+l54J9ZJN+k2pphfn9vk7kfubeSd5QfTVJQ=="],

    "csstype": ["csstype@3.1.3", "", {}, "sha512-M1uQkMl8rQK/szD0LNhtqxIPLpimGm8sOBwU7lLnCpSbTyY3yeU1Vc7l4KT5zT4s/yOxHH5O7tIuuLOCnLADRw=="],

    "react": ["react@19.1.0", "", {}, "sha512-FS+XFBNvn3GTAWq26joslQgWNoFu08F4kl0J4CgdNKADkdSGXQyTCnKteIAJy96Br6YbpEU1LSzV5dYtjMkMDg=="],

    "react-dom": ["react-dom@19.1.0", "", { "dependencies": { "scheduler": "^0.26.0" }, "peerDependencies": { "react": "^19.1.0" } }, "sha512-Xs1hdnE+DyKgeHJeJznQmYMIBG3TKIHJJT95Q58nHLSrElKlGQqDTR2HQ9fx5CN/Gk6Vh/kupBTDLU11/nDk/g=="],

    "scheduler": ["scheduler@0.26.0", "", {}, "sha512-NlHwttCI/l5gCPR3D1nNXtWABUmBwvZpEQiD4IXSbIDq8BzLIK/7Ir5gTFSGZDUu37K5cMNp0hFtzO38sC7gWA=="],

    "typescript": ["typescript@5.8.3", "", { "bin": { "tsc": "bin/tsc", "tsserver": "bin/tsserver" } }, "sha512-p1diW6TqL9L07nNxvRMM7hMMw4c5XOo/1ibL4aAIGmSAt9slTE1Xgw5KWuof2uTOvCg9BY7ZRi+GaF+7sfgPeQ=="],

    "undici-types": ["undici-types@7.8.0", "", {}, "sha512-9UJ2xGDvQ43tYyVMpuHlsgApydB8ZKfVYTsLDhXkFL/6gfkp+U8xTGdh8pMJv1SpZna0zxG1DwsKZsreLbXBxw=="],
  }
}
